
Microsoft Visual Studio Solution File, Format Version 12.00
# Visual Studio 15
VisualStudioVersion = 15.0.27004.2002
MinimumVisualStudioVersion = 10.0.40219.1
Project("{9A19103F-16F7-4668-BE54-9A1E7A4F7556}") = "MGDBot", "MGDBot\MGDBot.csproj", "{2241B4AB-8725-4850-9EC4-4E5C8461CA5A}"
EndProject
Global
	GlobalSection(SolutionConfigurationPlatforms) = preSolution
		Debug|Any CPU = Debug|Any CPU
		Release|Any CPU = Release|Any CPU
	EndGlobalSection
	GlobalSection(ProjectConfigurationPlatforms) = postSolution
		{2241B4AB-8725-4850-9EC4-4E5C8461CA5A}.Debug|Any CPU.ActiveCfg = Debug|Any CPU
		{2241B4AB-8725-4850-9EC4-4E5C8461CA5A}.Debug|Any CPU.Build.0 = Debug|Any CPU
		{2241B4AB-8725-4850-9EC4-4E5C8461CA5A}.Release|Any CPU.ActiveCfg = Release|Any CPU
		{2241B4AB-8725-4850-9EC4-4E5C8461CA5A}.Release|Any CPU.Build.0 = Release|Any CPU
	EndGlobalSection
	GlobalSection(SolutionProperties) = preSolution
		HideSolutionNode = FALSE
	EndGlobalSection
	GlobalSection(ExtensibilityGlobals) = postSolution
		SolutionGuid = {4CBB4C32-D783-4A77-8EC9-6E552C0742B6}
	EndGlobalSection
EndGlobal
